
Microsoft Visual Studio Solution File, Format Version 12.00
# Visual Studio 15
VisualStudioVersion = 15.0.26621.2
MinimumVisualStudioVersion = 10.0.40219.1
Project("{FAE04EC0-301F-11D3-BF4B-00C04F79EFBC}") = "AzureFunctionSPSiteAudit", "AzureFunctionSPSiteAudit\AzureFunctionSPSiteAudit.csproj", "{F38490D8-1D85-401B-A509-C5558385EF65}"
EndProject
Global
	GlobalSection(SolutionConfigurationPlatforms) = preSolution
		Debug|Any CPU = Debug|Any CPU
		Release|Any CPU = Release|Any CPU
	EndGlobalSection
	GlobalSection(ProjectConfigurationPlatforms) = postSolution
		{F38490D8-1D85-401B-A509-C5558385EF65}.Debug|Any CPU.ActiveCfg = Debug|Any CPU
		{F38490D8-1D85-401B-A509-C5558385EF65}.Debug|Any CPU.Build.0 = Debug|Any CPU
		{F38490D8-1D85-401B-A509-C5558385EF65}.Release|Any CPU.ActiveCfg = Release|Any CPU
		{F38490D8-1D85-401B-A509-C5558385EF65}.Release|Any CPU.Build.0 = Release|Any CPU
	EndGlobalSection
	GlobalSection(SolutionProperties) = preSolution
		HideSolutionNode = FALSE
	EndGlobalSection
	GlobalSection(ExtensibilityGlobals) = postSolution
		SolutionGuid = {9B8148EC-F059-4188-82A8-3576A22D802D}
	EndGlobalSection
EndGlobal
